
Microsoft Visual Studio Solution File, Format Version 12.00
# Visual Studio Version 17
VisualStudioVersion = 17.5.33424.131
MinimumVisualStudioVersion = 10.0.40219.1
Project("{FAE04EC0-301F-11D3-BF4B-00C04F79EFBC}") = "Armut.WebApp", "Armut.WebApp\Armut.WebApp.csproj", "{CA89BA12-1DDD-417D-A8EA-53EA22032351}"
EndProject
Global
	GlobalSection(SolutionConfigurationPlatforms) = preSolution
		Debug|Any CPU = Debug|Any CPU
		Release|Any CPU = Release|Any CPU
	EndGlobalSection
	GlobalSection(ProjectConfigurationPlatforms) = postSolution
		{CA89BA12-1DDD-417D-A8EA-53EA22032351}.Debug|Any CPU.ActiveCfg = Debug|Any CPU
		{CA89BA12-1DDD-417D-A8EA-53EA22032351}.Debug|Any CPU.Build.0 = Debug|Any CPU
		{CA89BA12-1DDD-417D-A8EA-53EA22032351}.Release|Any CPU.ActiveCfg = Release|Any CPU
		{CA89BA12-1DDD-417D-A8EA-53EA22032351}.Release|Any CPU.Build.0 = Release|Any CPU
	EndGlobalSection
	GlobalSection(SolutionProperties) = preSolution
		HideSolutionNode = FALSE
	EndGlobalSection
	GlobalSection(ExtensibilityGlobals) = postSolution
		SolutionGuid = {36110CC4-F2EF-4A9C-A611-880EF97B51F6}
	EndGlobalSection
EndGlobal
